
Microsoft Visual Studio Solution File, Format Version 12.00
# Visual Studio Version 16
VisualStudioVersion = 16.0.31515.178
MinimumVisualStudioVersion = 10.0.40219.1
Project("{888888A0-9F3D-457C-B088-3A5042F75D52}") = "img_before_after", "img_before_after.pyproj", "{5A30196D-53E6-44DC-A425-EDE700441713}"
EndProject
Global
	GlobalSection(SolutionConfigurationPlatforms) = preSolution
		Debug|Any CPU = Debug|Any CPU
		Release|Any CPU = Release|Any CPU
	EndGlobalSection
	GlobalSection(ProjectConfigurationPlatforms) = postSolution
		{5A30196D-53E6-44DC-A425-EDE700441713}.Debug|Any CPU.ActiveCfg = Debug|Any CPU
		{5A30196D-53E6-44DC-A425-EDE700441713}.Release|Any CPU.ActiveCfg = Release|Any CPU
	EndGlobalSection
	GlobalSection(SolutionProperties) = preSolution
		HideSolutionNode = FALSE
	EndGlobalSection
	GlobalSection(ExtensibilityGlobals) = postSolution
		SolutionGuid = {5EDD6B9B-1046-4B6A-AB21-EEA0DD228230}
	EndGlobalSection
EndGlobal
