
Microsoft Visual Studio Solution File, Format Version 12.00
# Visual Studio Version 16
VisualStudioVersion = 16.0.31515.178
MinimumVisualStudioVersion = 10.0.40219.1
Project("{888888A0-9F3D-457C-B088-3A5042F75D52}") = "Double Pendulum", "Double Pendulum.pyproj", "{6BE25B0A-2399-4B8A-8131-EF033A7B3F01}"
EndProject
Global
	GlobalSection(SolutionConfigurationPlatforms) = preSolution
		Debug|Any CPU = Debug|Any CPU
		Release|Any CPU = Release|Any CPU
	EndGlobalSection
	GlobalSection(ProjectConfigurationPlatforms) = postSolution
		{6BE25B0A-2399-4B8A-8131-EF033A7B3F01}.Debug|Any CPU.ActiveCfg = Debug|Any CPU
		{6BE25B0A-2399-4B8A-8131-EF033A7B3F01}.Release|Any CPU.ActiveCfg = Release|Any CPU
	EndGlobalSection
	GlobalSection(SolutionProperties) = preSolution
		HideSolutionNode = FALSE
	EndGlobalSection
	GlobalSection(ExtensibilityGlobals) = postSolution
		SolutionGuid = {3886CC4A-B19A-4970-8551-63322623A3C4}
	EndGlobalSection
EndGlobal
