
Microsoft Visual Studio Solution File, Format Version 12.00
# Visual Studio Version 16
VisualStudioVersion = 16.0.31515.178
MinimumVisualStudioVersion = 10.0.40219.1
Project("{888888A0-9F3D-457C-B088-3A5042F75D52}") = "ImgView (and OpenCV)", "ImgView (and OpenCV).pyproj", "{24F22BE5-AD3B-4CA7-9397-8F5CB6807670}"
EndProject
Global
	GlobalSection(SolutionConfigurationPlatforms) = preSolution
		Debug|Any CPU = Debug|Any CPU
		Release|Any CPU = Release|Any CPU
	EndGlobalSection
	GlobalSection(ProjectConfigurationPlatforms) = postSolution
		{24F22BE5-AD3B-4CA7-9397-8F5CB6807670}.Debug|Any CPU.ActiveCfg = Debug|Any CPU
		{24F22BE5-AD3B-4CA7-9397-8F5CB6807670}.Release|Any CPU.ActiveCfg = Release|Any CPU
	EndGlobalSection
	GlobalSection(SolutionProperties) = preSolution
		HideSolutionNode = FALSE
	EndGlobalSection
	GlobalSection(ExtensibilityGlobals) = postSolution
		SolutionGuid = {FA09A8FC-07F3-4BDA-8377-3CACBD5D561B}
	EndGlobalSection
EndGlobal
